
Microsoft Visual Studio Solution File, Format Version 12.00
# Visual Studio Version 17
VisualStudioVersion = 17.13.35919.96 d17.13
MinimumVisualStudioVersion = 10.0.40219.1
Project("{FAE04EC0-301F-11D3-BF4B-00C04F79EFBC}") = "backend_challenge_spedy", "backend_challenge_spedy\backend_challenge_spedy.csproj", "{14C05EB2-06CF-4736-B4A2-415B234BF230}"
EndProject
Global
	GlobalSection(SolutionConfigurationPlatforms) = preSolution
		Debug|Any CPU = Debug|Any CPU
		Release|Any CPU = Release|Any CPU
	EndGlobalSection
	GlobalSection(ProjectConfigurationPlatforms) = postSolution
		{14C05EB2-06CF-4736-B4A2-415B234BF230}.Debug|Any CPU.ActiveCfg = Debug|Any CPU
		{14C05EB2-06CF-4736-B4A2-415B234BF230}.Debug|Any CPU.Build.0 = Debug|Any CPU
		{14C05EB2-06CF-4736-B4A2-415B234BF230}.Release|Any CPU.ActiveCfg = Release|Any CPU
		{14C05EB2-06CF-4736-B4A2-415B234BF230}.Release|Any CPU.Build.0 = Release|Any CPU
	EndGlobalSection
	GlobalSection(SolutionProperties) = preSolution
		HideSolutionNode = FALSE
	EndGlobalSection
	GlobalSection(ExtensibilityGlobals) = postSolution
		SolutionGuid = {AF7BC3CC-A624-4647-AF9E-8A481E60D4E3}
	EndGlobalSection
EndGlobal
